# THIS IS AN AUTOGENERATED FILE. DO NOT EDIT THIS FILE DIRECTLY.
# yarn lockfile v1


"@types/node@18.x":
  version "18.18.5"
  resolved "https://registry.npmmirror.com/@types/node/-/node-18.18.5.tgz#afc0fd975df946d6e1add5bbf98264225b212244"
  integrity sha512-4slmbtwV59ZxitY4ixUZdy1uRLf9eSIvBWPQxNjhHYWEtn0FryfKpyS2cvADYXTayWdKEIsJengncrVvkI4I6A==

"@types/semver@^5.5.0":
  version "5.5.0"
  resolved "https://registry.npmmirror.com/@types/semver/-/semver-5.5.0.tgz#146c2a29ee7d3bae4bf2fcb274636e264c813c45"
  integrity sha512-41qEJgBH/TWgo5NFSvBCJ1qkoi3Q6ONSF2avrHq1LVEZfYpdHmj0y9SuTK+u9ZhG1sYQKBL1AWXKyLWP4RaUoQ==

"@types/vscode@^1.74.0":
  version "1.83.0"
  resolved "https://registry.npmmirror.com/@types/vscode/-/vscode-1.83.0.tgz#f787d1d94d0b258b9bb97947396b47c1d364e90f"
  integrity sha512-3mUtHqLAVz9hegut9au4xehuBrzRE3UJiQMpoEHkNl6XHliihO7eATx2BMHs0odsmmrwjJrlixx/Pte6M3ygDQ==

"@vscode/sync-api-client@^0.7.2":
  version "0.7.2"
  resolved "https://registry.npmmirror.com/@vscode/sync-api-client/-/sync-api-client-0.7.2.tgz#0644bff66a5eff636bcd8eb483d34796b9f90d2d"
  integrity sha512-HQHz57RVKmR8sTEen1Y/T3r6mzDX7IaUJz/O2RJkn0Qu9ThvCsakLP0N+1iiwPnPfUfmNSwQXbSw8bEQFPcpYQ==
  dependencies:
    "@vscode/sync-api-common" "0.7.2"
    vscode-uri "3.0.3"

"@vscode/sync-api-common@0.7.2", "@vscode/sync-api-common@^0.7.2":
  version "0.7.2"
  resolved "https://registry.npmmirror.com/@vscode/sync-api-common/-/sync-api-common-0.7.2.tgz#705060ee6a0108c24e145e687613becdb4292b33"
  integrity sha512-ne1XEeDIYA3mp4oo1QoF1fqFedd0Vf4ybMmLb9HixbTyXy/qwMNL2p6OjXjOsmx6w2q9eqzGA5W/OPRSJxTTIQ==

"@vscode/sync-api-service@^0.7.3":
  version "0.7.3"
  resolved "https://registry.npmmirror.com/@vscode/sync-api-service/-/sync-api-service-0.7.3.tgz#6cb7bd23c4a7378e4b92ca3638501a9be1937152"
  integrity sha512-m2AmmfG4uzfjLMgWRHQ3xnBkdwCiUTO68vdw1XuzMsOb39Jwm9xr5bVVxwOFR9lPC0FfO1H6FUxBhZQvg7itPA==
  dependencies:
    "@vscode/sync-api-common" "0.7.2"
    vscode-uri "3.0.3"

"@vscode/ts-package-manager@^0.0.2":
  version "0.0.2"
  resolved "https://registry.npmmirror.com/@vscode/ts-package-manager/-/ts-package-manager-0.0.2.tgz#d1cade5ff0d01da8c5b5b00bf79d80e7156771cf"
  integrity sha512-cXPxGbPVTkEQI8mUiWYUwB6j3ga6M9i7yubUOCrjgZ01GeZPMSnaWRprfJ09uuy81wJjY2gfHgLsOgwrGvUBTw==

axios@^0.26.1:
  version "0.26.1"
  resolved "https://registry.npmmirror.com/axios/-/axios-0.26.1.tgz#1ede41c51fcf51bbbd6fd43669caaa4f0495aaa9"
  integrity sha512-fPwcX4EvnSHuInCMItEhAGnaSEXRBjtzh9fOtsE6E1G6p7vl7edEeZe11QHf18+6+9gR5PbKV/sGKNaD8YaMeA==
  dependencies:
    follow-redirects "^1.14.8"

follow-redirects@^1.14.8:
  version "1.15.3"
  resolved "https://registry.npmmirror.com/follow-redirects/-/follow-redirects-1.15.3.tgz#fe2f3ef2690afce7e82ed0b44db08165b207123a"
  integrity sha512-1VzOtuEM8pC9SFU1E+8KfTjZyMztRsgEfwQl44z8A25uy13jSzTj6dyK2Df52iV0vgHCfBwLhDWevLn95w5v6Q==

jsonc-parser@^3.2.0:
  version "3.2.0"
  resolved "https://registry.npmmirror.com/jsonc-parser/-/jsonc-parser-3.2.0.tgz#31ff3f4c2b9793f89c67212627c51c6394f88e76"
  integrity sha512-gfFQZrcTc8CnKXp6Y4/CBT3fTc0OVuDofpre4aEeEpSBPV5X5v4+Vmx+8snU7RLPrNHPKSgLxGo9YuQzz20o+w==

lru-cache@^6.0.0:
  version "6.0.0"
  resolved "https://registry.npmmirror.com/lru-cache/-/lru-cache-6.0.0.tgz#6d6fe6570ebd96aaf90fcad1dafa3b2566db3a94"
  integrity sha512-Jo6dJ04CmSjuznwJSS3pUeWmd/H0ffTlkXXgwZi+eq1UCmqQwCh+eLsYOYCwY991i2Fah4h1BEMCx4qThGbsiA==
  dependencies:
    yallist "^4.0.0"

semver@7.5.2:
  version "7.5.2"
  resolved "https://registry.npmmirror.com/semver/-/semver-7.5.2.tgz#5b851e66d1be07c1cdaf37dfc856f543325a2beb"
  integrity sha512-SoftuTROv/cRjCze/scjGyiDtcUyxw1rgYQSZY7XTmtR5hX+dm76iDbTH8TkLPHCQmlbQVSSbNZCPM2hb0knnQ==
  dependencies:
    lru-cache "^6.0.0"

tas-client@0.1.58:
  version "0.1.58"
  resolved "https://registry.npmmirror.com/tas-client/-/tas-client-0.1.58.tgz#67d66bf0e27df5276ebc751105e6ad47791c36d8"
  integrity sha512-fOWii4wQXuo9Zl0oXgvjBzZWzKc5MmUR6XQWX93WU2c1SaP1plPo/zvXP8kpbZ9fvegFOHdapszYqMTRq/SRtg==
  dependencies:
    axios "^0.26.1"

typescript@5.3.0-dev.20231002:
  version "5.3.0-dev.20231002"
  resolved "https://registry.npmmirror.com/typescript/-/typescript-5.3.0-dev.20231002.tgz#75a727afbb3a1a1b56306fb106d3799b6638759e"
  integrity sha512-TQXM13rrDgID8W4Ok4KDQAqwLUjLcAXL+NKv0zJiIEQfa0bOM0yoRiSgvcjaCJ4lZT4bScrq3vHspVM2x8rkOQ==

vscode-tas-client@^0.1.63:
  version "0.1.63"
  resolved "https://registry.npmmirror.com/vscode-tas-client/-/vscode-tas-client-0.1.63.tgz#df89e67e9bf7ecb46471a0fb8a4a522d2aafad65"
  integrity sha512-TY5TPyibzi6rNmuUB7eRVqpzLzNfQYrrIl/0/F8ukrrbzOrKVvS31hM3urE+tbaVrnT+TMYXL16GhX57vEowhA==
  dependencies:
    tas-client "0.1.58"

vscode-uri@3.0.3:
  version "3.0.3"
  resolved "https://registry.npmmirror.com/vscode-uri/-/vscode-uri-3.0.3.tgz#a95c1ce2e6f41b7549f86279d19f47951e4f4d84"
  integrity sha512-EcswR2S8bpR7fD0YPeS7r2xXExrScVMxg4MedACaWHEtx9ftCF/qHG1xGkolzTPcEmjTavCQgbVzHUIdTMzFGA==

vscode-uri@^3.0.3:
  version "3.0.8"
  resolved "https://registry.npmmirror.com/vscode-uri/-/vscode-uri-3.0.8.tgz#1770938d3e72588659a172d0fd4642780083ff9f"
  integrity sha512-AyFQ0EVmsOZOlAnxoFOGOq1SQDWAB7C6aqMGS23svWAllfOaxbuFvcT8D1i8z3Gyn8fraVeZNNmN6e9bxxXkKw==

yallist@^4.0.0:
  version "4.0.0"
  resolved "https://registry.npmmirror.com/yallist/-/yallist-4.0.0.tgz#9bb92790d9c0effec63be73519e11a35019a3a72"
  integrity sha512-3wdGidZyq5PB084XLES5TpOSRA3wjXAlIWMhum2kRcv/41Sn2emQ0dycQW4uZXLejwKvg6EsvbdlVL+FYEct7A==
